
Microsoft Visual Studio Solution File, Format Version 12.00
# Visual Studio Version 17
VisualStudioVersion = 17.10.35122.118
MinimumVisualStudioVersion = 10.0.40219.1
Project("{FAE04EC0-301F-11D3-BF4B-00C04F79EFBC}") = "Domain", "Domain\Domain.csproj", "{7E693DE5-00B2-462C-947F-404FC2CFF5DD}"
EndProject
Project("{FAE04EC0-301F-11D3-BF4B-00C04F79EFBC}") = "WebAPI", "WebAPI\WebAPI.csproj", "{A6C97EF2-8DEA-43EE-8B29-B5F26015BFFA}"
EndProject
Global
	GlobalSection(SolutionConfigurationPlatforms) = preSolution
		Debug|Any CPU = Debug|Any CPU
		Release|Any CPU = Release|Any CPU
	EndGlobalSection
	GlobalSection(ProjectConfigurationPlatforms) = postSolution
		{7E693DE5-00B2-462C-947F-404FC2CFF5DD}.Debug|Any CPU.ActiveCfg = Debug|Any CPU
		{7E693DE5-00B2-462C-947F-404FC2CFF5DD}.Debug|Any CPU.Build.0 = Debug|Any CPU
		{7E693DE5-00B2-462C-947F-404FC2CFF5DD}.Release|Any CPU.ActiveCfg = Release|Any CPU
		{7E693DE5-00B2-462C-947F-404FC2CFF5DD}.Release|Any CPU.Build.0 = Release|Any CPU
		{A6C97EF2-8DEA-43EE-8B29-B5F26015BFFA}.Debug|Any CPU.ActiveCfg = Debug|Any CPU
		{A6C97EF2-8DEA-43EE-8B29-B5F26015BFFA}.Debug|Any CPU.Build.0 = Debug|Any CPU
		{A6C97EF2-8DEA-43EE-8B29-B5F26015BFFA}.Release|Any CPU.ActiveCfg = Release|Any CPU
		{A6C97EF2-8DEA-43EE-8B29-B5F26015BFFA}.Release|Any CPU.Build.0 = Release|Any CPU
	EndGlobalSection
	GlobalSection(SolutionProperties) = preSolution
		HideSolutionNode = FALSE
	EndGlobalSection
	GlobalSection(ExtensibilityGlobals) = postSolution
		SolutionGuid = {F169E86D-38A5-4F52-B359-AEAED32A0D66}
	EndGlobalSection
EndGlobal
